// !$*UTF8*$!
{
	archiveVersion = 1;
	classes = {
	};
	objectVersion = 46;
	objects = {

/* Begin PBXBuildFile section */
		6A046CD717DAEDC70094AC98 /* Foundation.framework in Frameworks */ = {isa = PBXBuildFile; fileRef = 6A046CD617DAEDC70094AC98 /* Foundation.framework */; };
		6A046CD917DAEDC70094AC98 /* CoreGraphics.framework in Frameworks */ = {isa = PBXBuildFile; fileRef = 6A046CD817DAEDC70094AC98 /* CoreGraphics.framework */; };
		6A046CDB17DAEDC70094AC98 /* UIKit.framework in Frameworks */ = {isa = PBXBuildFile; fileRef = 6A046CDA17DAEDC70094AC98 /* UIKit.framework */; };
		6A046CE117DAEDC70094AC98 /* InfoPlist.strings in Resources */ = {isa = PBXBuildFile; fileRef = 6A046CDF17DAEDC70094AC98 /* InfoPlist.strings */; };
		6A046CE317DAEDC70094AC98 /* main.m in Sources */ = {isa = PBXBuildFile; fileRef = 6A046CE217DAEDC70094AC98 /* main.m */; };
		6A046CE717DAEDC70094AC98 /* COLAppDelegate.m in Sources */ = {isa = PBXBuildFile; fileRef = 6A046CE617DAEDC70094AC98 /* COLAppDelegate.m */; };
		6A046CE917DAEDC70094AC98 /* Images.xcassets in Resources */ = {isa = PBXBuildFile; fileRef = 6A046CE817DAEDC70094AC98 /* Images.xcassets */; };
		6A046D0917DAEF9E0094AC98 /* COLVertex.m in Sources */ = {isa = PBXBuildFile; fileRef = 6A046D0817DAEF9E0094AC98 /* COLVertex.m */; };
		6A046D0C17DAF1270094AC98 /* COLGraph.m in Sources */ = {isa = PBXBuildFile; fileRef = 6A046D0B17DAF1270094AC98 /* COLGraph.m */; };
		6A4FE9E617DBACF800E00982 /* COLGraphView.m in Sources */ = {isa = PBXBuildFile; fileRef = 6A4FE9E517DBACF800E00982 /* COLGraphView.m */; };
		6A4FE9E917DBAEB200E00982 /* COLVertexView.m in Sources */ = {isa = PBXBuildFile; fileRef = 6A4FE9E817DBAEB200E00982 /* COLVertexView.m */; };
		6A86F0DF17DBA08D003372B7 /* COLStartViewController.m in Sources */ = {isa = PBXBuildFile; fileRef = 6A86F0DE17DBA08D003372B7 /* COLStartViewController.m */; };
		6A86F0E317DBA498003372B7 /* COLFont.m in Sources */ = {isa = PBXBuildFile; fileRef = 6A86F0E217DBA498003372B7 /* COLFont.m */; };
		6A86F0E617DBA5BA003372B7 /* COLGameViewController.m in Sources */ = {isa = PBXBuildFile; fileRef = 6A86F0E517DBA5BA003372B7 /* COLGameViewController.m */; };
/* End PBXBuildFile section */

/* Begin PBXFileReference section */
		6A046CD317DAEDC70094AC98 /* Colors.app */ = {isa = PBXFileReference; explicitFileType = wrapper.application; includeInIndex = 0; path = Colors.app; sourceTree = BUILT_PRODUCTS_DIR; };
		6A046CD617DAEDC70094AC98 /* Foundation.framework */ = {isa = PBXFileReference; lastKnownFileType = wrapper.framework; name = Foundation.framework; path = System/Library/Frameworks/Foundation.framework; sourceTree = SDKROOT; };
		6A046CD817DAEDC70094AC98 /* CoreGraphics.framework */ = {isa = PBXFileReference; lastKnownFileType = wrapper.framework; name = CoreGraphics.framework; path = System/Library/Frameworks/CoreGraphics.framework; sourceTree = SDKROOT; };
		6A046CDA17DAEDC70094AC98 /* UIKit.framework */ = {isa = PBXFileReference; lastKnownFileType = wrapper.framework; name = UIKit.framework; path = System/Library/Frameworks/UIKit.framework; sourceTree = SDKROOT; };
		6A046CDE17DAEDC70094AC98 /* Colors-Info.plist */ = {isa = PBXFileReference; lastKnownFileType = text.plist.xml; path = "Colors-Info.plist"; sourceTree = "<group>"; };
		6A046CE017DAEDC70094AC98 /* en */ = {isa = PBXFileReference; lastKnownFileType = text.plist.strings; name = en; path = en.lproj/InfoPlist.strings; sourceTree = "<group>"; };
		6A046CE217DAEDC70094AC98 /* main.m */ = {isa = PBXFileReference; lastKnownFileType = sourcecode.c.objc; path = main.m; sourceTree = "<group>"; };
		6A046CE417DAEDC70094AC98 /* Colors-Prefix.pch */ = {isa = PBXFileReference; lastKnownFileType = sourcecode.c.h; path = "Colors-Prefix.pch"; sourceTree = "<group>"; };
		6A046CE517DAEDC70094AC98 /* COLAppDelegate.h */ = {isa = PBXFileReference; lastKnownFileType = sourcecode.c.h; path = COLAppDelegate.h; sourceTree = "<group>"; };
		6A046CE617DAEDC70094AC98 /* COLAppDelegate.m */ = {isa = PBXFileReference; lastKnownFileType = sourcecode.c.objc; path = COLAppDelegate.m; sourceTree = "<group>"; };
		6A046CE817DAEDC70094AC98 /* Images.xcassets */ = {isa = PBXFileReference; lastKnownFileType = folder.assetcatalog; path = Images.xcassets; sourceTree = "<group>"; };
		6A046CEF17DAEDC70094AC98 /* XCTest.framework */ = {isa = PBXFileReference; lastKnownFileType = wrapper.framework; name = XCTest.framework; path = Library/Frameworks/XCTest.framework; sourceTree = DEVELOPER_DIR; };
		6A046D0717DAEF9E0094AC98 /* COLVertex.h */ = {isa = PBXFileReference; fileEncoding = 4; lastKnownFileType = sourcecode.c.h; path = COLVertex.h; sourceTree = "<group>"; };
		6A046D0817DAEF9E0094AC98 /* COLVertex.m */ = {isa = PBXFileReference; fileEncoding = 4; lastKnownFileType = sourcecode.c.objc; path = COLVertex.m; sourceTree = "<group>"; };
		6A046D0A17DAF1270094AC98 /* COLGraph.h */ = {isa = PBXFileReference; fileEncoding = 4; lastKnownFileType = sourcecode.c.h; path = COLGraph.h; sourceTree = "<group>"; };
		6A046D0B17DAF1270094AC98 /* COLGraph.m */ = {isa = PBXFileReference; fileEncoding = 4; lastKnownFileType = sourcecode.c.objc; path = COLGraph.m; sourceTree = "<group>"; };
		6A4FE9E417DBACF800E00982 /* COLGraphView.h */ = {isa = PBXFileReference; fileEncoding = 4; lastKnownFileType = sourcecode.c.h; path = COLGraphView.h; sourceTree = "<group>"; };
		6A4FE9E517DBACF800E00982 /* COLGraphView.m */ = {isa = PBXFileReference; fileEncoding = 4; lastKnownFileType = sourcecode.c.objc; path = COLGraphView.m; sourceTree = "<group>"; };
		6A4FE9E717DBAEB200E00982 /* COLVertexView.h */ = {isa = PBXFileReference; fileEncoding = 4; lastKnownFileType = sourcecode.c.h; path = COLVertexView.h; sourceTree = "<group>"; };
		6A4FE9E817DBAEB200E00982 /* COLVertexView.m */ = {isa = PBXFileReference; fileEncoding = 4; lastKnownFileType = sourcecode.c.objc; path = COLVertexView.m; sourceTree = "<group>"; };
		6A86F0DD17DBA08D003372B7 /* COLStartViewController.h */ = {isa = PBXFileReference; fileEncoding = 4; lastKnownFileType = sourcecode.c.h; path = COLStartViewController.h; sourceTree = "<group>"; };
		6A86F0DE17DBA08D003372B7 /* COLStartViewController.m */ = {isa = PBXFileReference; fileEncoding = 4; lastKnownFileType = sourcecode.c.objc; path = COLStartViewController.m; sourceTree = "<group>"; };
		6A86F0E117DBA498003372B7 /* COLFont.h */ = {isa = PBXFileReference; fileEncoding = 4; lastKnownFileType = sourcecode.c.h; path = COLFont.h; sourceTree = "<group>"; };
		6A86F0E217DBA498003372B7 /* COLFont.m */ = {isa = PBXFileReference; fileEncoding = 4; lastKnownFileType = sourcecode.c.objc; path = COLFont.m; sourceTree = "<group>"; };
		6A86F0E417DBA5BA003372B7 /* COLGameViewController.h */ = {isa = PBXFileReference; fileEncoding = 4; lastKnownFileType = sourcecode.c.h; path = COLGameViewController.h; sourceTree = "<group>"; };
		6A86F0E517DBA5BA003372B7 /* COLGameViewController.m */ = {isa = PBXFileReference; fileEncoding = 4; lastKnownFileType = sourcecode.c.objc; path = COLGameViewController.m; sourceTree = "<group>"; };
/* End PBXFileReference section */

/* Begin PBXFrameworksBuildPhase section */
		6A046CD017DAEDC70094AC98 /* Frameworks */ = {
			isa = PBXFrameworksBuildPhase;
			buildActionMask = 2147483647;
			files = (
				6A046CD917DAEDC70094AC98 /* CoreGraphics.framework in Frameworks */,
				6A046CDB17DAEDC70094AC98 /* UIKit.framework in Frameworks */,
				6A046CD717DAEDC70094AC98 /* Foundation.framework in Frameworks */,
			);
			runOnlyForDeploymentPostprocessing = 0;
		};
/* End PBXFrameworksBuildPhase section */

/* Begin PBXGroup section */
		6A046CCA17DAEDC70094AC98 = {
			isa = PBXGroup;
			children = (
				6A046D0517DAEE500094AC98 /* Classes */,
				6A046CDC17DAEDC70094AC98 /* Colors */,
				6A046CD517DAEDC70094AC98 /* Frameworks */,
				6A046CD417DAEDC70094AC98 /* Products */,
			);
			sourceTree = "<group>";
		};
		6A046CD417DAEDC70094AC98 /* Products */ = {
			isa = PBXGroup;
			children = (
				6A046CD317DAEDC70094AC98 /* Colors.app */,
			);
			name = Products;
			sourceTree = "<group>";
		};
		6A046CD517DAEDC70094AC98 /* Frameworks */ = {
			isa = PBXGroup;
			children = (
				6A046CD617DAEDC70094AC98 /* Foundation.framework */,
				6A046CD817DAEDC70094AC98 /* CoreGraphics.framework */,
				6A046CDA17DAEDC70094AC98 /* UIKit.framework */,
				6A046CEF17DAEDC70094AC98 /* XCTest.framework */,
			);
			name = Frameworks;
			sourceTree = "<group>";
		};
		6A046CDC17DAEDC70094AC98 /* Colors */ = {
			isa = PBXGroup;
			children = (
				6A046CE817DAEDC70094AC98 /* Images.xcassets */,
				6A046CDD17DAEDC70094AC98 /* Supporting Files */,
			);
			path = Colors;
			sourceTree = "<group>";
		};
		6A046CDD17DAEDC70094AC98 /* Supporting Files */ = {
			isa = PBXGroup;
			children = (
				6A046CDE17DAEDC70094AC98 /* Colors-Info.plist */,
				6A046CDF17DAEDC70094AC98 /* InfoPlist.strings */,
				6A046CE217DAEDC70094AC98 /* main.m */,
				6A046CE417DAEDC70094AC98 /* Colors-Prefix.pch */,
			);
			name = "Supporting Files";
			sourceTree = "<group>";
		};
		6A046D0517DAEE500094AC98 /* Classes */ = {
			isa = PBXGroup;
			children = (
				6A046CE517DAEDC70094AC98 /* COLAppDelegate.h */,
				6A046CE617DAEDC70094AC98 /* COLAppDelegate.m */,
				6A046D0617DAEF890094AC98 /* Models */,
				6A4FE9E317DBACE200E00982 /* Views */,
				6A86F0DC17DBA080003372B7 /* Controllers */,
				6A86F0E017DBA48D003372B7 /* Helpers */,
			);
			name = Classes;
			path = Colors/Classes;
			sourceTree = "<group>";
		};
		6A046D0617DAEF890094AC98 /* Models */ = {
			isa = PBXGroup;
			children = (
				6A046D0717DAEF9E0094AC98 /* COLVertex.h */,
				6A046D0817DAEF9E0094AC98 /* COLVertex.m */,
				6A046D0A17DAF1270094AC98 /* COLGraph.h */,
				6A046D0B17DAF1270094AC98 /* COLGraph.m */,
			);
			path = Models;
			sourceTree = "<group>";
		};
		6A4FE9E317DBACE200E00982 /* Views */ = {
			isa = PBXGroup;
			children = (
				6A4FE9E417DBACF800E00982 /* COLGraphView.h */,
				6A4FE9E517DBACF800E00982 /* COLGraphView.m */,
				6A4FE9E717DBAEB200E00982 /* COLVertexView.h */,
				6A4FE9E817DBAEB200E00982 /* COLVertexView.m */,
			);
			path = Views;
			sourceTree = "<group>";
		};
		6A86F0DC17DBA080003372B7 /* Controllers */ = {
			isa = PBXGroup;
			children = (
				6A86F0DD17DBA08D003372B7 /* COLStartViewController.h */,
				6A86F0DE17DBA08D003372B7 /* COLStartViewController.m */,
				6A86F0E417DBA5BA003372B7 /* COLGameViewController.h */,
				6A86F0E517DBA5BA003372B7 /* COLGameViewController.m */,
			);
			path = Controllers;
			sourceTree = "<group>";
		};
		6A86F0E017DBA48D003372B7 /* Helpers */ = {
			isa = PBXGroup;
			children = (
				6A86F0E117DBA498003372B7 /* COLFont.h */,
				6A86F0E217DBA498003372B7 /* COLFont.m */,
			);
			path = Helpers;
			sourceTree = "<group>";
		};
/* End PBXGroup section */

/* Begin PBXNativeTarget section */
		6A046CD217DAEDC70094AC98 /* Colors */ = {
			isa = PBXNativeTarget;
			buildConfigurationList = 6A046CFF17DAEDC70094AC98 /* Build configuration list for PBXNativeTarget "Colors" */;
			buildPhases = (
				6A046CCF17DAEDC70094AC98 /* Sources */,
				6A046CD017DAEDC70094AC98 /* Frameworks */,
				6A046CD117DAEDC70094AC98 /* Resources */,
			);
			buildRules = (
			);
			dependencies = (
			);
			name = Colors;
			productName = Colors;
			productReference = 6A046CD317DAEDC70094AC98 /* Colors.app */;
			productType = "com.apple.product-type.application";
		};
/* End PBXNativeTarget section */

/* Begin PBXProject section */
		6A046CCB17DAEDC70094AC98 /* Project object */ = {
			isa = PBXProject;
			attributes = {
				CLASSPREFIX = COL;
				LastUpgradeCheck = 0500;
				ORGANIZATIONNAME = isaacl.net;
				TargetAttributes = {
					6A046CD217DAEDC70094AC98 = {
						DevelopmentTeam = KQJK52G9LS;
					};
				};
			};
			buildConfigurationList = 6A046CCE17DAEDC70094AC98 /* Build configuration list for PBXProject "Colors" */;
			compatibilityVersion = "Xcode 3.2";
			developmentRegion = English;
			hasScannedForEncodings = 0;
			knownRegions = (
				en,
			);
			mainGroup = 6A046CCA17DAEDC70094AC98;
			productRefGroup = 6A046CD417DAEDC70094AC98 /* Products */;
			projectDirPath = "";
			projectRoot = "";
			targets = (
				6A046CD217DAEDC70094AC98 /* Colors */,
			);
		};
/* End PBXProject section */

/* Begin PBXResourcesBuildPhase section */
		6A046CD117DAEDC70094AC98 /* Resources */ = {
			isa = PBXResourcesBuildPhase;
			buildActionMask = 2147483647;
			files = (
				6A046CE117DAEDC70094AC98 /* InfoPlist.strings in Resources */,
				6A046CE917DAEDC70094AC98 /* Images.xcassets in Resources */,
			);
			runOnlyForDeploymentPostprocessing = 0;
		};
/* End PBXResourcesBuildPhase section */

/* Begin PBXSourcesBuildPhase section */
		6A046CCF17DAEDC70094AC98 /* Sources */ = {
			isa = PBXSourcesBuildPhase;
			buildActionMask = 2147483647;
			files = (
				6A4FE9E917DBAEB200E00982 /* COLVertexView.m in Sources */,
				6A86F0DF17DBA08D003372B7 /* COLStartViewController.m in Sources */,
				6A046CE317DAEDC70094AC98 /* main.m in Sources */,
				6A046D0C17DAF1270094AC98 /* COLGraph.m in Sources */,
				6A046D0917DAEF9E0094AC98 /* COLVertex.m in Sources */,
				6A4FE9E617DBACF800E00982 /* COLGraphView.m in Sources */,
				6A86F0E617DBA5BA003372B7 /* COLGameViewController.m in Sources */,
				6A046CE717DAEDC70094AC98 /* COLAppDelegate.m in Sources */,
				6A86F0E317DBA498003372B7 /* COLFont.m in Sources */,
			);
			runOnlyForDeploymentPostprocessing = 0;
		};
/* End PBXSourcesBuildPhase section */

/* Begin PBXVariantGroup section */
		6A046CDF17DAEDC70094AC98 /* InfoPlist.strings */ = {
			isa = PBXVariantGroup;
			children = (
				6A046CE017DAEDC70094AC98 /* en */,
			);
			name = InfoPlist.strings;
			sourceTree = "<group>";
		};
/* End PBXVariantGroup section */

/* Begin XCBuildConfiguration section */
		6A046CFD17DAEDC70094AC98 /* Debug */ = {
			isa = XCBuildConfiguration;
			buildSettings = {
				ALWAYS_SEARCH_USER_PATHS = NO;
				CLANG_CXX_LANGUAGE_STANDARD = "gnu++0x";
				CLANG_CXX_LIBRARY = "libc++";
				CLANG_ENABLE_MODULES = YES;
				CLANG_ENABLE_OBJC_ARC = YES;
				CLANG_WARN_BOOL_CONVERSION = YES;
				CLANG_WARN_CONSTANT_CONVERSION = YES;
				CLANG_WARN_DIRECT_OBJC_ISA_USAGE = YES_ERROR;
				CLANG_WARN_EMPTY_BODY = YES;
				CLANG_WARN_ENUM_CONVERSION = YES;
				CLANG_WARN_INT_CONVERSION = YES;
				CLANG_WARN_OBJC_ROOT_CLASS = YES_ERROR;
				CLANG_WARN__DUPLICATE_METHOD_MATCH = YES;
				"CODE_SIGN_IDENTITY[sdk=iphoneos*]" = "iPhone Developer";
				COPY_PHASE_STRIP = NO;
				GCC_C_LANGUAGE_STANDARD = gnu99;
				GCC_DYNAMIC_NO_PIC = NO;
				GCC_OPTIMIZATION_LEVEL = 0;
				GCC_PREPROCESSOR_DEFINITIONS = (
					"DEBUG=1",
					"$(inherited)",
				);
				GCC_SYMBOLS_PRIVATE_EXTERN = NO;
				GCC_WARN_ABOUT_RETURN_TYPE = YES_ERROR;
				GCC_WARN_UNDECLARED_SELECTOR = YES;
				GCC_WARN_UNINITIALIZED_AUTOS = YES;
				GCC_WARN_UNUSED_FUNCTION = YES;
				GCC_WARN_UNUSED_VARIABLE = YES;
				IPHONEOS_DEPLOYMENT_TARGET = 7.0;
				ONLY_ACTIVE_ARCH = YES;
				SDKROOT = iphoneos;
				TARGETED_DEVICE_FAMILY = "1,2";
			};
			name = Debug;
		};
		6A046CFE17DAEDC70094AC98 /* Release */ = {
			isa = XCBuildConfiguration;
			buildSettings = {
				ALWAYS_SEARCH_USER_PATHS = NO;
				CLANG_CXX_LANGUAGE_STANDARD = "gnu++0x";
				CLANG_CXX_LIBRARY = "libc++";
				CLANG_ENABLE_MODULES = YES;
				CLANG_ENABLE_OBJC_ARC = YES;
				CLANG_WARN_BOOL_CONVERSION = YES;
				CLANG_WARN_CONSTANT_CONVERSION = YES;
				CLANG_WARN_DIRECT_OBJC_ISA_USAGE = YES_ERROR;
				CLANG_WARN_EMPTY_BODY = YES;
				CLANG_WARN_ENUM_CONVERSION = YES;
				CLANG_WARN_INT_CONVERSION = YES;
				CLANG_WARN_OBJC_ROOT_CLASS = YES_ERROR;
				CLANG_WARN__DUPLICATE_METHOD_MATCH = YES;
				"CODE_SIGN_IDENTITY[sdk=iphoneos*]" = "iPhone Developer";
				COPY_PHASE_STRIP = YES;
				ENABLE_NS_ASSERTIONS = NO;
				GCC_C_LANGUAGE_STANDARD = gnu99;
				GCC_WARN_ABOUT_RETURN_TYPE = YES_ERROR;
				GCC_WARN_UNDECLARED_SELECTOR = YES;
				GCC_WARN_UNINITIALIZED_AUTOS = YES;
				GCC_WARN_UNUSED_FUNCTION = YES;
				GCC_WARN_UNUSED_VARIABLE = YES;
				IPHONEOS_DEPLOYMENT_TARGET = 7.0;
				SDKROOT = iphoneos;
				TARGETED_DEVICE_FAMILY = "1,2";
				VALIDATE_PRODUCT = YES;
			};
			name = Release;
		};
		6A046D0017DAEDC70094AC98 /* Debug */ = {
			isa = XCBuildConfiguration;
			buildSettings = {
				ASSETCATALOG_COMPILER_APPICON_NAME = AppIcon;
				ASSETCATALOG_COMPILER_LAUNCHIMAGE_NAME = LaunchImage;
				CODE_SIGN_IDENTITY = "iPhone Developer";
				GCC_PRECOMPILE_PREFIX_HEADER = YES;
				GCC_PREFIX_HEADER = "Colors/Colors-Prefix.pch";
				INFOPLIST_FILE = "Colors/Colors-Info.plist";
				PRODUCT_NAME = "$(TARGET_NAME)";
				WRAPPER_EXTENSION = app;
			};
			name = Debug;
		};
		6A046D0117DAEDC70094AC98 /* Release */ = {
			isa = XCBuildConfiguration;
			buildSettings = {
				ASSETCATALOG_COMPILER_APPICON_NAME = AppIcon;
				ASSETCATALOG_COMPILER_LAUNCHIMAGE_NAME = LaunchImage;
				CODE_SIGN_IDENTITY = "iPhone Developer";
				GCC_PRECOMPILE_PREFIX_HEADER = YES;
				GCC_PREFIX_HEADER = "Colors/Colors-Prefix.pch";
				INFOPLIST_FILE = "Colors/Colors-Info.plist";
				PRODUCT_NAME = "$(TARGET_NAME)";
				WRAPPER_EXTENSION = app;
			};
			name = Release;
		};
/* End XCBuildConfiguration section */

/* Begin XCConfigurationList section */
		6A046CCE17DAEDC70094AC98 /* Build configuration list for PBXProject "Colors" */ = {
			isa = XCConfigurationList;
			buildConfigurations = (
				6A046CFD17DAEDC70094AC98 /* Debug */,
				6A046CFE17DAEDC70094AC98 /* Release */,
			);
			defaultConfigurationIsVisible = 0;
			defaultConfigurationName = Release;
		};
		6A046CFF17DAEDC70094AC98 /* Build configuration list for PBXNativeTarget "Colors" */ = {
			isa = XCConfigurationList;
			buildConfigurations = (
				6A046D0017DAEDC70094AC98 /* Debug */,
				6A046D0117DAEDC70094AC98 /* Release */,
			);
			defaultConfigurationIsVisible = 0;
			defaultConfigurationName = Release;
		};
/* End XCConfigurationList section */
	};
	rootObject = 6A046CCB17DAEDC70094AC98 /* Project object */;
}
